
Microsoft Visual Studio Solution File, Format Version 12.00
# Visual Studio Version 17
VisualStudioVersion = 17.4.33103.184
MinimumVisualStudioVersion = 10.0.40219.1
Project("{FAE04EC0-301F-11D3-BF4B-00C04F79EFBC}") = "Burgers", "Burgers\Burgers.csproj", "{624B7963-E6CD-4BFC-8982-2A0C7F8B131A}"
EndProject
Global
	GlobalSection(SolutionConfigurationPlatforms) = preSolution
		Debug|Any CPU = Debug|Any CPU
		Release|Any CPU = Release|Any CPU
	EndGlobalSection
	GlobalSection(ProjectConfigurationPlatforms) = postSolution
		{624B7963-E6CD-4BFC-8982-2A0C7F8B131A}.Debug|Any CPU.ActiveCfg = Debug|Any CPU
		{624B7963-E6CD-4BFC-8982-2A0C7F8B131A}.Debug|Any CPU.Build.0 = Debug|Any CPU
		{624B7963-E6CD-4BFC-8982-2A0C7F8B131A}.Release|Any CPU.ActiveCfg = Release|Any CPU
		{624B7963-E6CD-4BFC-8982-2A0C7F8B131A}.Release|Any CPU.Build.0 = Release|Any CPU
	EndGlobalSection
	GlobalSection(SolutionProperties) = preSolution
		HideSolutionNode = FALSE
	EndGlobalSection
	GlobalSection(ExtensibilityGlobals) = postSolution
		SolutionGuid = {F582DACE-F276-4E09-AFD9-D070F2F9A630}
	EndGlobalSection
EndGlobal
